dependencies:
  OmegaUtilityDriver:
    component_hash: 60d29f8eb96022ee1ed8e65eefc84c407c8712f8838482f4a8aee22d6b031295
    source:
      git: https://github.com/Omegaki113r/OmegaUtilityDriver.git
      path: .
      type: git
    version: 10480f91b47799a24fa16b0f2abedf2b77f260a7
  idf:
    component_hash: null
    source:
      type: idf
    version: 5.3.0
manifest_hash: 270cc735c62a822e3f42d50dde57975f1e80b8238fd2a6aedf718d9b219910cc
target: esp32s3
version: 1.0.0
