dependencies:
  OmegaUtilityDriver:
    component_hash: 517ea4406b037cfb565f4d78957cbe62008e29c65448985bf65dea3e695e01d1
    source:
      git: https://github.com/Omegaki113r/OmegaUtilityDriver.git
      path: .
      type: git
    version: a4d3f502751b8cdd50ffcc9a1ddaf9247ce00cf8
  idf:
    component_hash: null
    source:
      type: idf
    version: 5.3.0
manifest_hash: 270cc735c62a822e3f42d50dde57975f1e80b8238fd2a6aedf718d9b219910cc
target: esp32s3
version: 1.0.0
