dependencies:
  OmegaUtilityDriver:
    component_hash: 4763fd18a9a029417ec1c8094a7587c2c9986d7e7f4db1373250a80b6d303862
    source:
      git: https://github.com/Omegaki113r/OmegaUtilityDriver.git
      path: .
      type: git
    version: 524d9cf31fff036b05a678b2543c247636ae7795
  idf:
    component_hash: null
    source:
      type: idf
    version: 5.3.0
manifest_hash: 270cc735c62a822e3f42d50dde57975f1e80b8238fd2a6aedf718d9b219910cc
target: esp32s3
version: 1.0.0
